
Microsoft Visual Studio Solution File, Format Version 12.00
# Visual Studio Version 17
VisualStudioVersion = 17.9.34728.123
MinimumVisualStudioVersion = 10.0.40219.1
Project("{FAE04EC0-301F-11D3-BF4B-00C04F79EFBC}") = "FortniteHelper", "FortniteHelper\FortniteHelper.csproj", "{6E091374-43AE-42D2-A7D5-EC53780D859E}"
EndProject
Global
	GlobalSection(SolutionConfigurationPlatforms) = preSolution
		Debug|Any CPU = Debug|Any CPU
		Release|Any CPU = Release|Any CPU
	EndGlobalSection
	GlobalSection(ProjectConfigurationPlatforms) = postSolution
		{6E091374-43AE-42D2-A7D5-EC53780D859E}.Debug|Any CPU.ActiveCfg = Debug|Any CPU
		{6E091374-43AE-42D2-A7D5-EC53780D859E}.Debug|Any CPU.Build.0 = Debug|Any CPU
		{6E091374-43AE-42D2-A7D5-EC53780D859E}.Release|Any CPU.ActiveCfg = Release|Any CPU
		{6E091374-43AE-42D2-A7D5-EC53780D859E}.Release|Any CPU.Build.0 = Release|Any CPU
	EndGlobalSection
	GlobalSection(SolutionProperties) = preSolution
		HideSolutionNode = FALSE
	EndGlobalSection
	GlobalSection(ExtensibilityGlobals) = postSolution
		SolutionGuid = {2AF7296E-A979-4FB7-8937-07B403E52206}
	EndGlobalSection
EndGlobal
